{
  "version": 4,
  "terraform_version": "1.10.5",
  "serial": 7,
  "lineage": "ce749c21-0f9f-b07a-dc9d-eaef728640a0",
  "outputs": {
    "azurerm_key_vault_id": {
      "value": "/subscriptions/650bd5e9-ee89-4c86-a833-d440b16dbed2/resourceGroups/rg-legal-tarpon/providers/Microsoft.KeyVault/vaults/vault-ikdlfhmtunatk",
      "type": "string"
    },
    "azurerm_key_vault_name": {
      "value": "vault-ikdlfhmtunatk",
      "type": "string"
    },
    "resource_group_name": {
      "value": "rg-legal-tarpon",
      "type": "string"
    }
  },
  "resources": [
    {
      "mode": "data",
      "type": "azurerm_client_config",
      "name": "current",
      "provider": "provider[\"registry.terraform.io/hashicorp/azurerm\"]",
      "instances": [
        {
          "schema_version": 0,
          "attributes": {
            "client_id": "04b07795-8ddb-461a-bbee-02f9e1bf7b46",
            "id": "Y2xpZW50Q29uZmlncy9jbGllbnRJZD0wNGIwNzc5NS04ZGRiLTQ2MWEtYmJlZS0wMmY5ZTFiZjdiNDY7b2JqZWN0SWQ9MzRiZmJkOTEtMDUwYS00MzhhLTllNzgtZGQ1MmVkZGIxYWUyO3N1YnNjcmlwdGlvbklkPTY1MGJkNWU5LWVlODktNGM4Ni1hODMzLWQ0NDBiMTZkYmVkMjt0ZW5hbnRJZD1jODExZjQ5ZS1lMzgzLTRjMDktODQ5Yi1hNGNjOTFjYjQ1YWI=",
            "object_id": "34bfbd91-050a-438a-9e78-dd52eddb1ae2",
            "subscription_id": "650bd5e9-ee89-4c86-a833-d440b16dbed2",
            "tenant_id": "c811f49e-e383-4c09-849b-a4cc91cb45ab",
            "timeouts": null
          },
          "sensitive_attributes": []
        }
      ]
    },
    {
      "mode": "managed",
      "type": "azurerm_key_vault",
      "name": "vault",
      "provider": "provider[\"registry.terraform.io/hashicorp/azurerm\"]",
      "instances": [
        {
          "schema_version": 2,
          "attributes": {
            "access_policy": [
              {
                "application_id": "",
                "certificate_permissions": null,
                "key_permissions": [
                  "List",
                  "Create",
                  "Delete",
                  "Get",
                  "Purge",
                  "Recover",
                  "Update",
                  "GetRotationPolicy",
                  "SetRotationPolicy"
                ],
                "object_id": "34bfbd91-050a-438a-9e78-dd52eddb1ae2",
                "secret_permissions": [
                  "List",
                  "Set",
                  "Get"
                ],
                "storage_permissions": null,
                "tenant_id": "c811f49e-e383-4c09-849b-a4cc91cb45ab"
              }
            ],
            "contact": [],
            "enable_rbac_authorization": false,
            "enabled_for_deployment": false,
            "enabled_for_disk_encryption": false,
            "enabled_for_template_deployment": false,
            "id": "/subscriptions/650bd5e9-ee89-4c86-a833-d440b16dbed2/resourceGroups/rg-legal-tarpon/providers/Microsoft.KeyVault/vaults/vault-ikdlfhmtunatk",
            "location": "northeurope",
            "name": "vault-ikdlfhmtunatk",
            "network_acls": [
              {
                "bypass": "AzureServices",
                "default_action": "Allow",
                "ip_rules": [],
                "virtual_network_subnet_ids": []
              }
            ],
            "public_network_access_enabled": true,
            "purge_protection_enabled": false,
            "resource_group_name": "rg-legal-tarpon",
            "sku_name": "standard",
            "soft_delete_retention_days": 7,
            "tags": null,
            "tenant_id": "c811f49e-e383-4c09-849b-a4cc91cb45ab",
            "timeouts": null,
            "vault_uri": "https://vault-ikdlfhmtunatk.vault.azure.net/"
          },
          "sensitive_attributes": [],
          "private": "eyJlMmJmYjczMC1lY2FhLTExZTYtOGY4OC0zNDM2M2JjN2M0YzAiOnsiY3JlYXRlIjoxODAwMDAwMDAwMDAwLCJkZWxldGUiOjE4MDAwMDAwMDAwMDAsInJlYWQiOjMwMDAwMDAwMDAwMCwidXBkYXRlIjoxODAwMDAwMDAwMDAwfSwic2NoZW1hX3ZlcnNpb24iOiIyIn0=",
          "dependencies": [
            "azurerm_resource_group.rg",
            "data.azurerm_client_config.current",
            "random_pet.rg_name",
            "random_string.azurerm_key_vault_name"
          ]
        }
      ]
    },
    {
      "mode": "managed",
      "type": "azurerm_key_vault_key",
      "name": "key",
      "provider": "provider[\"registry.terraform.io/hashicorp/azurerm\"]",
      "instances": [
        {
          "schema_version": 0,
          "attributes": {
            "curve": "",
            "e": "AQAB",
            "expiration_date": null,
            "id": "https://vault-ikdlfhmtunatk.vault.azure.net/keys/key-dtnnoandqagae/46b02b7f9f2640f7a3b54cc516232a04",
            "key_opts": [
              "decrypt",
              "encrypt",
              "sign",
              "unwrapKey",
              "verify",
              "wrapKey"
            ],
            "key_size": 2048,
            "key_type": "RSA",
            "key_vault_id": "/subscriptions/650bd5e9-ee89-4c86-a833-d440b16dbed2/resourceGroups/rg-legal-tarpon/providers/Microsoft.KeyVault/vaults/vault-ikdlfhmtunatk",
            "n": "xZitVOBVfDhwM9JQYBqVK-lH0dCQvLyUlMFmnm76yMcWrFyss5CA2iCFtXRDAs9GvozdeOOhHKYda2FJNOJX21A4Q7BMRYDnctaAYGUZTav8cyLXYbvyHqV0lyiSa4q0AkSzlSxvOWXeC-R6BlxadAdTLYr2ZZnMoXnYfrlWc0vfUtG2Deg-9xI1RTzhZXDknMzv6CXspLXVNAB7O1it8JWynkAZPH8d1XpNIw2X6Oq93YNIg968YBFFUMGR7XYwUVoGYZtuI4Czx2oQVQABTBOdyeXDPfZLlrivTPs4dma51oHo6sfnWW-q6XsUNAKdvN5oHLWI6vbH01zFdry8sQ",
            "name": "key-dtnnoandqagae",
            "not_before_date": null,
            "public_key_openssh": "ssh-rsa AAAAB3NzaC1yc2EAAAADAQABAAABAQDFmK1U4FV8OHAz0lBgGpUr6UfR0JC8vJSUwWaebvrIxxasXKyzkIDaIIW1dEMCz0a+jN1446Ecph1rYUk04lfbUDhDsExFgOdy1oBgZRlNq/xzItdhu/IepXSXKJJrirQCRLOVLG85Zd4L5HoGXFp0B1MtivZlmcyhedh+uVZzS99S0bYN6D73EjVFPOFlcOSczO/oJeyktdU0AHs7WK3wlbKeQBk8fx3Vek0jDZfo6r3dg0iD3rxgEUVQwZHtdjBRWgZhm24jgLPHahBVAAFME53J5cM99kuWuK9M+zh2ZrnWgejqx+dZb6rpexQ0Ap283mgctYjq9sfTXMV2vLyx\n",
            "public_key_pem": "-----BEGIN PUBLIC KEY-----\nMIIBIjANBgkqhkiG9w0BAQEFAAOCAQ8AMIIBCgKCAQEAxZitVOBVfDhwM9JQYBqV\nK+lH0dCQvLyUlMFmnm76yMcWrFyss5CA2iCFtXRDAs9GvozdeOOhHKYda2FJNOJX\n21A4Q7BMRYDnctaAYGUZTav8cyLXYbvyHqV0lyiSa4q0AkSzlSxvOWXeC+R6Blxa\ndAdTLYr2ZZnMoXnYfrlWc0vfUtG2Deg+9xI1RTzhZXDknMzv6CXspLXVNAB7O1it\n8JWynkAZPH8d1XpNIw2X6Oq93YNIg968YBFFUMGR7XYwUVoGYZtuI4Czx2oQVQAB\nTBOdyeXDPfZLlrivTPs4dma51oHo6sfnWW+q6XsUNAKdvN5oHLWI6vbH01zFdry8\nsQIDAQAB\n-----END PUBLIC KEY-----\n",
            "resource_id": "/subscriptions/650bd5e9-ee89-4c86-a833-d440b16dbed2/resourceGroups/rg-legal-tarpon/providers/Microsoft.KeyVault/vaults/vault-ikdlfhmtunatk/keys/key-dtnnoandqagae/versions/46b02b7f9f2640f7a3b54cc516232a04",
            "resource_versionless_id": "/subscriptions/650bd5e9-ee89-4c86-a833-d440b16dbed2/resourceGroups/rg-legal-tarpon/providers/Microsoft.KeyVault/vaults/vault-ikdlfhmtunatk/keys/key-dtnnoandqagae",
            "rotation_policy": [
              {
                "automatic": [
                  {
                    "time_after_creation": "",
                    "time_before_expiry": "P30D"
                  }
                ],
                "expire_after": "P90D",
                "notify_before_expiry": "P29D"
              }
            ],
            "tags": null,
            "timeouts": null,
            "version": "46b02b7f9f2640f7a3b54cc516232a04",
            "versionless_id": "https://vault-ikdlfhmtunatk.vault.azure.net/keys/key-dtnnoandqagae",
            "x": "",
            "y": ""
          },
          "sensitive_attributes": [],
          "private": "eyJlMmJmYjczMC1lY2FhLTExZTYtOGY4OC0zNDM2M2JjN2M0YzAiOnsiY3JlYXRlIjoxODAwMDAwMDAwMDAwLCJkZWxldGUiOjE4MDAwMDAwMDAwMDAsInJlYWQiOjE4MDAwMDAwMDAwMDAsInVwZGF0ZSI6MTgwMDAwMDAwMDAwMH19",
          "dependencies": [
            "azurerm_key_vault.vault",
            "azurerm_resource_group.rg",
            "data.azurerm_client_config.current",
            "random_pet.rg_name",
            "random_string.azurerm_key_vault_key_name",
            "random_string.azurerm_key_vault_name"
          ]
        }
      ]
    },
    {
      "mode": "managed",
      "type": "azurerm_resource_group",
      "name": "rg",
      "provider": "provider[\"registry.terraform.io/hashicorp/azurerm\"]",
      "instances": [
        {
          "schema_version": 0,
          "attributes": {
            "id": "/subscriptions/650bd5e9-ee89-4c86-a833-d440b16dbed2/resourceGroups/rg-legal-tarpon",
            "location": "northeurope",
            "managed_by": "",
            "name": "rg-legal-tarpon",
            "tags": null,
            "timeouts": null
          },
          "sensitive_attributes": [],
          "private": "eyJlMmJmYjczMC1lY2FhLTExZTYtOGY4OC0zNDM2M2JjN2M0YzAiOnsiY3JlYXRlIjo1NDAwMDAwMDAwMDAwLCJkZWxldGUiOjU0MDAwMDAwMDAwMDAsInJlYWQiOjMwMDAwMDAwMDAwMCwidXBkYXRlIjo1NDAwMDAwMDAwMDAwfX0=",
          "dependencies": [
            "random_pet.rg_name"
          ]
        }
      ]
    },
    {
      "mode": "managed",
      "type": "random_pet",
      "name": "rg_name",
      "provider": "provider[\"registry.terraform.io/hashicorp/random\"]",
      "instances": [
        {
          "schema_version": 0,
          "attributes": {
            "id": "rg-legal-tarpon",
            "keepers": null,
            "length": 2,
            "prefix": "rg",
            "separator": "-"
          },
          "sensitive_attributes": []
        }
      ]
    },
    {
      "mode": "managed",
      "type": "random_string",
      "name": "azurerm_key_vault_key_name",
      "provider": "provider[\"registry.terraform.io/hashicorp/random\"]",
      "instances": [
        {
          "schema_version": 2,
          "attributes": {
            "id": "dtnnoandqagae",
            "keepers": null,
            "length": 13,
            "lower": true,
            "min_lower": 0,
            "min_numeric": 0,
            "min_special": 0,
            "min_upper": 0,
            "number": false,
            "numeric": false,
            "override_special": null,
            "result": "dtnnoandqagae",
            "special": false,
            "upper": false
          },
          "sensitive_attributes": []
        }
      ]
    },
    {
      "mode": "managed",
      "type": "random_string",
      "name": "azurerm_key_vault_name",
      "provider": "provider[\"registry.terraform.io/hashicorp/random\"]",
      "instances": [
        {
          "schema_version": 2,
          "attributes": {
            "id": "ikdlfhmtunatk",
            "keepers": null,
            "length": 13,
            "lower": true,
            "min_lower": 0,
            "min_numeric": 0,
            "min_special": 0,
            "min_upper": 0,
            "number": false,
            "numeric": false,
            "override_special": null,
            "result": "ikdlfhmtunatk",
            "special": false,
            "upper": false
          },
          "sensitive_attributes": []
        }
      ]
    }
  ],
  "check_results": [
    {
      "object_kind": "var",
      "config_addr": "var.key_type",
      "status": "pass",
      "objects": [
        {
          "object_addr": "var.key_type",
          "status": "pass"
        }
      ]
    }
  ]
}
